
Microsoft Visual Studio Solution File, Format Version 12.00
# Visual Studio 2013
VisualStudioVersion = 12.0.31101.0
MinimumVisualStudioVersion = 10.0.40219.1
Project("{FAE04EC0-301F-11D3-BF4B-00C04F79EFBC}") = "BizTalk.PipelineComponents.ContextToXml", "PipelineComponent\BizTalk.PipelineComponents.ContextToXml.btproj", "{CF13EE24-B9ED-4573-AEE3-8EE6B93E0D9A}"
EndProject
Project("{FAE04EC0-301F-11D3-BF4B-00C04F79EFBC}") = "BizTalk.Pipelines.ContextToXml", "Tests\BizTalk.Pipelines.ContextToXml\BizTalk.Pipelines.ContextToXml.btproj", "{614ECD3E-4FAC-4044-8F2A-9D65557B9EC4}"
EndProject
Project("{2150E333-8FDC-42A3-9474-1A3956D46DE8}") = "Tests", "Tests", "{F7AB1E82-47A8-4572-881E-EC1E3074208F}"
EndProject
Global
	GlobalSection(SolutionConfigurationPlatforms) = preSolution
		Debug|Any CPU = Debug|Any CPU
		Release|Any CPU = Release|Any CPU
	EndGlobalSection
	GlobalSection(ProjectConfigurationPlatforms) = postSolution
		{CF13EE24-B9ED-4573-AEE3-8EE6B93E0D9A}.Debug|Any CPU.ActiveCfg = Debug|Any CPU
		{CF13EE24-B9ED-4573-AEE3-8EE6B93E0D9A}.Debug|Any CPU.Build.0 = Debug|Any CPU
		{CF13EE24-B9ED-4573-AEE3-8EE6B93E0D9A}.Debug|Any CPU.Deploy.0 = Debug|Any CPU
		{CF13EE24-B9ED-4573-AEE3-8EE6B93E0D9A}.Release|Any CPU.ActiveCfg = Release|Any CPU
		{CF13EE24-B9ED-4573-AEE3-8EE6B93E0D9A}.Release|Any CPU.Build.0 = Release|Any CPU
		{CF13EE24-B9ED-4573-AEE3-8EE6B93E0D9A}.Release|Any CPU.Deploy.0 = Release|Any CPU
		{614ECD3E-4FAC-4044-8F2A-9D65557B9EC4}.Debug|Any CPU.ActiveCfg = Debug|Any CPU
		{614ECD3E-4FAC-4044-8F2A-9D65557B9EC4}.Debug|Any CPU.Build.0 = Debug|Any CPU
		{614ECD3E-4FAC-4044-8F2A-9D65557B9EC4}.Debug|Any CPU.Deploy.0 = Debug|Any CPU
		{614ECD3E-4FAC-4044-8F2A-9D65557B9EC4}.Release|Any CPU.ActiveCfg = Release|Any CPU
		{614ECD3E-4FAC-4044-8F2A-9D65557B9EC4}.Release|Any CPU.Build.0 = Release|Any CPU
		{614ECD3E-4FAC-4044-8F2A-9D65557B9EC4}.Release|Any CPU.Deploy.0 = Release|Any CPU
	EndGlobalSection
	GlobalSection(SolutionProperties) = preSolution
		HideSolutionNode = FALSE
	EndGlobalSection
	GlobalSection(NestedProjects) = preSolution
		{614ECD3E-4FAC-4044-8F2A-9D65557B9EC4} = {F7AB1E82-47A8-4572-881E-EC1E3074208F}
	EndGlobalSection
EndGlobal
